
Microsoft Visual Studio Solution File, Format Version 12.00
# Visual Studio Version 16
VisualStudioVersion = 16.0.30011.22
MinimumVisualStudioVersion = 10.0.40219.1
Project("{FAE04EC0-301F-11D3-BF4B-00C04F79EFBC}") = "MyTestStore.API", "MyTestStore.API\MyTestStore.API.csproj", "{56D76F3F-54C4-4589-90C2-C4303A3A3F2B}"
EndProject
Project("{FAE04EC0-301F-11D3-BF4B-00C04F79EFBC}") = "MyTestStore.DLL", "MyTestStore.DLL\MyTestStore.DLL.csproj", "{B7F36F97-72CA-404B-A15C-C962C02FA6BA}"
EndProject
Project("{FAE04EC0-301F-11D3-BF4B-00C04F79EFBC}") = "MyTestStore.BLL", "MyTestStore.BLL\MyTestStore.BLL.csproj", "{941ECABE-DF05-4631-BE42-6EB7A733F8F2}"
EndProject
Global
	GlobalSection(SolutionConfigurationPlatforms) = preSolution
		Debug|Any CPU = Debug|Any CPU
		Release|Any CPU = Release|Any CPU
	EndGlobalSection
	GlobalSection(ProjectConfigurationPlatforms) = postSolution
		{56D76F3F-54C4-4589-90C2-C4303A3A3F2B}.Debug|Any CPU.ActiveCfg = Debug|Any CPU
		{56D76F3F-54C4-4589-90C2-C4303A3A3F2B}.Debug|Any CPU.Build.0 = Debug|Any CPU
		{56D76F3F-54C4-4589-90C2-C4303A3A3F2B}.Release|Any CPU.ActiveCfg = Release|Any CPU
		{56D76F3F-54C4-4589-90C2-C4303A3A3F2B}.Release|Any CPU.Build.0 = Release|Any CPU
		{B7F36F97-72CA-404B-A15C-C962C02FA6BA}.Debug|Any CPU.ActiveCfg = Debug|Any CPU
		{B7F36F97-72CA-404B-A15C-C962C02FA6BA}.Debug|Any CPU.Build.0 = Debug|Any CPU
		{B7F36F97-72CA-404B-A15C-C962C02FA6BA}.Release|Any CPU.ActiveCfg = Release|Any CPU
		{B7F36F97-72CA-404B-A15C-C962C02FA6BA}.Release|Any CPU.Build.0 = Release|Any CPU
		{941ECABE-DF05-4631-BE42-6EB7A733F8F2}.Debug|Any CPU.ActiveCfg = Debug|Any CPU
		{941ECABE-DF05-4631-BE42-6EB7A733F8F2}.Debug|Any CPU.Build.0 = Debug|Any CPU
		{941ECABE-DF05-4631-BE42-6EB7A733F8F2}.Release|Any CPU.ActiveCfg = Release|Any CPU
		{941ECABE-DF05-4631-BE42-6EB7A733F8F2}.Release|Any CPU.Build.0 = Release|Any CPU
	EndGlobalSection
	GlobalSection(SolutionProperties) = preSolution
		HideSolutionNode = FALSE
	EndGlobalSection
	GlobalSection(ExtensibilityGlobals) = postSolution
		SolutionGuid = {3692A42C-1F9E-4CB1-8A09-84CCE06D8986}
	EndGlobalSection
EndGlobal
